
Microsoft Visual Studio Solution File, Format Version 12.00
# Visual Studio Version 17
VisualStudioVersion = 17.12.35707.178 d17.12
MinimumVisualStudioVersion = 10.0.40219.1
Project("{FAE04EC0-301F-11D3-BF4B-00C04F79EFBC}") = "user-city-management-service", "user-city-management-service\user-city-management-service.csproj", "{F143E3F6-7D41-403A-84D4-A0A9E5B37961}"
EndProject
Project("{FAE04EC0-301F-11D3-BF4B-00C04F79EFBC}") = "user_city_management_service.Tests", "user_city_management_service.Tests\user_city_management_service.Tests.csproj", "{AE96EE43-EA92-49C4-B343-1E415F274F5F}"
EndProject
Project("{E53339B2-1760-4266-BCC7-CA923CBCF16C}") = "docker-compose", "docker-compose.dcproj", "{5731F1E9-4CF0-4A8C-ADDC-53EADC8B649D}"
EndProject
Global
	GlobalSection(SolutionConfigurationPlatforms) = preSolution
		Debug|Any CPU = Debug|Any CPU
		Release|Any CPU = Release|Any CPU
	EndGlobalSection
	GlobalSection(ProjectConfigurationPlatforms) = postSolution
		{F143E3F6-7D41-403A-84D4-A0A9E5B37961}.Debug|Any CPU.ActiveCfg = Debug|Any CPU
		{F143E3F6-7D41-403A-84D4-A0A9E5B37961}.Debug|Any CPU.Build.0 = Debug|Any CPU
		{F143E3F6-7D41-403A-84D4-A0A9E5B37961}.Release|Any CPU.ActiveCfg = Release|Any CPU
		{F143E3F6-7D41-403A-84D4-A0A9E5B37961}.Release|Any CPU.Build.0 = Release|Any CPU
		{AE96EE43-EA92-49C4-B343-1E415F274F5F}.Debug|Any CPU.ActiveCfg = Debug|Any CPU
		{AE96EE43-EA92-49C4-B343-1E415F274F5F}.Debug|Any CPU.Build.0 = Debug|Any CPU
		{AE96EE43-EA92-49C4-B343-1E415F274F5F}.Release|Any CPU.ActiveCfg = Release|Any CPU
		{AE96EE43-EA92-49C4-B343-1E415F274F5F}.Release|Any CPU.Build.0 = Release|Any CPU
		{5731F1E9-4CF0-4A8C-ADDC-53EADC8B649D}.Debug|Any CPU.ActiveCfg = Debug|Any CPU
		{5731F1E9-4CF0-4A8C-ADDC-53EADC8B649D}.Debug|Any CPU.Build.0 = Debug|Any CPU
		{5731F1E9-4CF0-4A8C-ADDC-53EADC8B649D}.Release|Any CPU.ActiveCfg = Release|Any CPU
		{5731F1E9-4CF0-4A8C-ADDC-53EADC8B649D}.Release|Any CPU.Build.0 = Release|Any CPU
	EndGlobalSection
	GlobalSection(SolutionProperties) = preSolution
		HideSolutionNode = FALSE
	EndGlobalSection
EndGlobal
